
Microsoft Visual Studio Solution File, Format Version 12.00
# Visual Studio Version 17
VisualStudioVersion = 17.0.32002.185
MinimumVisualStudioVersion = 10.0.40219.1
Project("{FAE04EC0-301F-11D3-BF4B-00C04F79EFBC}") = "com.smallmiao.cn", "com.smallmiao.cn\com.smallmiao.cn.csproj", "{67BD9A08-0158-4D75-80DC-3C9083C6E4F8}"
EndProject
Global
	GlobalSection(SolutionConfigurationPlatforms) = preSolution
		Debug|Any CPU = Debug|Any CPU
		Release|Any CPU = Release|Any CPU
	EndGlobalSection
	GlobalSection(ProjectConfigurationPlatforms) = postSolution
		{67BD9A08-0158-4D75-80DC-3C9083C6E4F8}.Debug|Any CPU.ActiveCfg = Debug|x86
		{67BD9A08-0158-4D75-80DC-3C9083C6E4F8}.Debug|Any CPU.Build.0 = Debug|x86
		{67BD9A08-0158-4D75-80DC-3C9083C6E4F8}.Release|Any CPU.ActiveCfg = Release|Any CPU
		{67BD9A08-0158-4D75-80DC-3C9083C6E4F8}.Release|Any CPU.Build.0 = Release|Any CPU
	EndGlobalSection
	GlobalSection(SolutionProperties) = preSolution
		HideSolutionNode = FALSE
	EndGlobalSection
	GlobalSection(ExtensibilityGlobals) = postSolution
		SolutionGuid = {1F0C10E7-B49F-4693-89B3-8ACDAA6FA64C}
	EndGlobalSection
EndGlobal
